
Microsoft Visual Studio Solution File, Format Version 12.00
# Visual Studio Version 16
VisualStudioVersion = 16.0.30523.141
MinimumVisualStudioVersion = 10.0.40219.1
Project("{FAE04EC0-301F-11D3-BF4B-00C04F79EFBC}") = "PK_05_BazaDanych", "PK_05_BazaDanych\PK_05_BazaDanych.csproj", "{114B4C65-7291-426D-8CAA-3ED82B3D37C3}"
EndProject
Global
	GlobalSection(SolutionConfigurationPlatforms) = preSolution
		Debug|Any CPU = Debug|Any CPU
		Release|Any CPU = Release|Any CPU
	EndGlobalSection
	GlobalSection(ProjectConfigurationPlatforms) = postSolution
		{114B4C65-7291-426D-8CAA-3ED82B3D37C3}.Debug|Any CPU.ActiveCfg = Debug|Any CPU
		{114B4C65-7291-426D-8CAA-3ED82B3D37C3}.Debug|Any CPU.Build.0 = Debug|Any CPU
		{114B4C65-7291-426D-8CAA-3ED82B3D37C3}.Release|Any CPU.ActiveCfg = Release|Any CPU
		{114B4C65-7291-426D-8CAA-3ED82B3D37C3}.Release|Any CPU.Build.0 = Release|Any CPU
	EndGlobalSection
	GlobalSection(SolutionProperties) = preSolution
		HideSolutionNode = FALSE
	EndGlobalSection
	GlobalSection(ExtensibilityGlobals) = postSolution
		SolutionGuid = {96CCC590-F1EA-459B-A2A9-2852A00FBB03}
	EndGlobalSection
EndGlobal
